
Microsoft Visual Studio Solution File, Format Version 12.00
# Visual Studio Version 17
VisualStudioVersion = 17.3.32901.215
MinimumVisualStudioVersion = 10.0.40219.1
Project("{FAE04EC0-301F-11D3-BF4B-00C04F79EFBC}") = "1302DM", "1302DM\1302DM.csproj", "{EFD44536-4205-48AB-9611-48483D15B6C0}"
EndProject
Global
	GlobalSection(SolutionConfigurationPlatforms) = preSolution
		Debug|Any CPU = Debug|Any CPU
		Release|Any CPU = Release|Any CPU
	EndGlobalSection
	GlobalSection(ProjectConfigurationPlatforms) = postSolution
		{EFD44536-4205-48AB-9611-48483D15B6C0}.Debug|Any CPU.ActiveCfg = Debug|Any CPU
		{EFD44536-4205-48AB-9611-48483D15B6C0}.Debug|Any CPU.Build.0 = Debug|Any CPU
		{EFD44536-4205-48AB-9611-48483D15B6C0}.Release|Any CPU.ActiveCfg = Release|Any CPU
		{EFD44536-4205-48AB-9611-48483D15B6C0}.Release|Any CPU.Build.0 = Release|Any CPU
	EndGlobalSection
	GlobalSection(SolutionProperties) = preSolution
		HideSolutionNode = FALSE
	EndGlobalSection
	GlobalSection(ExtensibilityGlobals) = postSolution
		SolutionGuid = {5C887EE6-82EE-4750-BB3C-A38141D1D7FB}
	EndGlobalSection
EndGlobal
